// !$*UTF8*$!
{
	archiveVersion = 1;
	classes = {
	};
	objectVersion = 77;
	objects = {

/* Begin PBXContainerItemProxy section */
		10B8CD752D53A61B006D3B68 /* PBXContainerItemProxy */ = {
			isa = PBXContainerItemProxy;
			containerPortal = 10B8CD532D53A616006D3B68 /* Project object */;
			proxyType = 1;
			remoteGlobalIDString = 10B8CD5A2D53A616006D3B68;
			remoteInfo = GoociApp;
		};
		10B8CD7F2D53A61B006D3B68 /* PBXContainerItemProxy */ = {
			isa = PBXContainerItemProxy;
			containerPortal = 10B8CD532D53A616006D3B68 /* Project object */;
			proxyType = 1;
			remoteGlobalIDString = 10B8CD5A2D53A616006D3B68;
			remoteInfo = GoociApp;
		};
/* End PBXContainerItemProxy section */

/* Begin PBXFileReference section */
		10B8CD5B2D53A616006D3B68 /* GoociApp.app */ = {isa = PBXFileReference; explicitFileType = wrapper.application; includeInIndex = 0; path = GoociApp.app; sourceTree = BUILT_PRODUCTS_DIR; };
		10B8CD742D53A61B006D3B68 /* GoociAppTests.xctest */ = {isa = PBXFileReference; explicitFileType = wrapper.cfbundle; includeInIndex = 0; path = GoociAppTests.xctest; sourceTree = BUILT_PRODUCTS_DIR; };
		10B8CD7E2D53A61B006D3B68 /* GoociAppUITests.xctest */ = {isa = PBXFileReference; explicitFileType = wrapper.cfbundle; includeInIndex = 0; path = GoociAppUITests.xctest; sourceTree = BUILT_PRODUCTS_DIR; };
/* End PBXFileReference section */

/* Begin PBXFileSystemSynchronizedBuildFileExceptionSet section */
		10B8CD862D53A61B006D3B68 /* Exceptions for "GoociApp" folder in "GoociApp" target */ = {
			isa = PBXFileSystemSynchronizedBuildFileExceptionSet;
			membershipExceptions = (
				Info.plist,
			);
			target = 10B8CD5A2D53A616006D3B68 /* GoociApp */;
		};
/* End PBXFileSystemSynchronizedBuildFileExceptionSet section */

/* Begin PBXFileSystemSynchronizedRootGroup section */
		10B8CD5D2D53A616006D3B68 /* GoociApp */ = {
			isa = PBXFileSystemSynchronizedRootGroup;
			exceptions = (
				10B8CD862D53A61B006D3B68 /* Exceptions for "GoociApp" folder in "GoociApp" target */,
			);
			path = GoociApp;
			sourceTree = "<group>";
		};
		10B8CD772D53A61B006D3B68 /* GoociAppTests */ = {
			isa = PBXFileSystemSynchronizedRootGroup;
			path = GoociAppTests;
			sourceTree = "<group>";
		};
		10B8CD812D53A61B006D3B68 /* GoociAppUITests */ = {
			isa = PBXFileSystemSynchronizedRootGroup;
			path = GoociAppUITests;
			sourceTree = "<group>";
		};
/* End PBXFileSystemSynchronizedRootGroup section */

/* Begin PBXFrameworksBuildPhase section */
		10B8CD582D53A616006D3B68 /* Frameworks */ = {
			isa = PBXFrameworksBuildPhase;
			buildActionMask = 2147483647;
			files = (
			);
			runOnlyForDeploymentPostprocessing = 0;
		};
		10B8CD712D53A61B006D3B68 /* Frameworks */ = {
			isa = PBXFrameworksBuildPhase;
			buildActionMask = 2147483647;
			files = (
			);
			runOnlyForDeploymentPostprocessing = 0;
		};
		10B8CD7B2D53A61B006D3B68 /* Frameworks */ = {
			isa = PBXFrameworksBuildPhase;
			buildActionMask = 2147483647;
			files = (
			);
			runOnlyForDeploymentPostprocessing = 0;
		};
/* End PBXFrameworksBuildPhase section */

/* Begin PBXGroup section */
		10B8CD522D53A616006D3B68 = {
			isa = PBXGroup;
			children = (
				10B8CD5D2D53A616006D3B68 /* GoociApp */,
				10B8CD772D53A61B006D3B68 /* GoociAppTests */,
				10B8CD812D53A61B006D3B68 /* GoociAppUITests */,
				10B8CD5C2D53A616006D3B68 /* Products */,
			);
			sourceTree = "<group>";
		};
		10B8CD5C2D53A616006D3B68 /* Products */ = {
			isa = PBXGroup;
			children = (
				10B8CD5B2D53A616006D3B68 /* GoociApp.app */,
				10B8CD742D53A61B006D3B68 /* GoociAppTests.xctest */,
				10B8CD7E2D53A61B006D3B68 /* GoociAppUITests.xctest */,
			);
			name = Products;
			sourceTree = "<group>";
		};
/* End PBXGroup section */

/* Begin PBXNativeTarget section */
		10B8CD5A2D53A616006D3B68 /* GoociApp */ = {
			isa = PBXNativeTarget;
			buildConfigurationList = 10B8CD872D53A61B006D3B68 /* Build configuration list for PBXNativeTarget "GoociApp" */;
			buildPhases = (
				10B8CD572D53A616006D3B68 /* Sources */,
				10B8CD582D53A616006D3B68 /* Frameworks */,
				10B8CD592D53A616006D3B68 /* Resources */,
			);
			buildRules = (
			);
			dependencies = (
			);
			fileSystemSynchronizedGroups = (
				10B8CD5D2D53A616006D3B68 /* GoociApp */,
			);
			name = GoociApp;
			packageProductDependencies = (
			);
			productName = GoociApp;
			productReference = 10B8CD5B2D53A616006D3B68 /* GoociApp.app */;
			productType = "com.apple.product-type.application";
		};
		10B8CD732D53A61B006D3B68 /* GoociAppTests */ = {
			isa = PBXNativeTarget;
			buildConfigurationList = 10B8CD8C2D53A61B006D3B68 /* Build configuration list for PBXNativeTarget "GoociAppTests" */;
			buildPhases = (
				10B8CD702D53A61B006D3B68 /* Sources */,
				10B8CD712D53A61B006D3B68 /* Frameworks */,
				10B8CD722D53A61B006D3B68 /* Resources */,
			);
			buildRules = (
			);
			dependencies = (
				10B8CD762D53A61B006D3B68 /* PBXTargetDependency */,
			);
			fileSystemSynchronizedGroups = (
				10B8CD772D53A61B006D3B68 /* GoociAppTests */,
			);
			name = GoociAppTests;
			packageProductDependencies = (
			);
			productName = GoociAppTests;
			productReference = 10B8CD742D53A61B006D3B68 /* GoociAppTests.xctest */;
			productType = "com.apple.product-type.bundle.unit-test";
		};
		10B8CD7D2D53A61B006D3B68 /* GoociAppUITests */ = {
			isa = PBXNativeTarget;
			buildConfigurationList = 10B8CD8F2D53A61B006D3B68 /* Build configuration list for PBXNativeTarget "GoociAppUITests" */;
			buildPhases = (
				10B8CD7A2D53A61B006D3B68 /* Sources */,
				10B8CD7B2D53A61B006D3B68 /* Frameworks */,
				10B8CD7C2D53A61B006D3B68 /* Resources */,
			);
			buildRules = (
			);
			dependencies = (
				10B8CD802D53A61B006D3B68 /* PBXTargetDependency */,
			);
			fileSystemSynchronizedGroups = (
				10B8CD812D53A61B006D3B68 /* GoociAppUITests */,
			);
			name = GoociAppUITests;
			packageProductDependencies = (
			);
			productName = GoociAppUITests;
			productReference = 10B8CD7E2D53A61B006D3B68 /* GoociAppUITests.xctest */;
			productType = "com.apple.product-type.bundle.ui-testing";
		};
/* End PBXNativeTarget section */

/* Begin PBXProject section */
		10B8CD532D53A616006D3B68 /* Project object */ = {
			isa = PBXProject;
			attributes = {
				BuildIndependentTargetsInParallel = 1;
				LastSwiftUpdateCheck = 1620;
				LastUpgradeCheck = 1620;
				TargetAttributes = {
					10B8CD5A2D53A616006D3B68 = {
						CreatedOnToolsVersion = 16.2;
					};
					10B8CD732D53A61B006D3B68 = {
						CreatedOnToolsVersion = 16.2;
						TestTargetID = 10B8CD5A2D53A616006D3B68;
					};
					10B8CD7D2D53A61B006D3B68 = {
						CreatedOnToolsVersion = 16.2;
						TestTargetID = 10B8CD5A2D53A616006D3B68;
					};
				};
			};
			buildConfigurationList = 10B8CD562D53A616006D3B68 /* Build configuration list for PBXProject "GoociApp" */;
			developmentRegion = en;
			hasScannedForEncodings = 0;
			knownRegions = (
				en,
				Base,
			);
			mainGroup = 10B8CD522D53A616006D3B68;
			minimizedProjectReferenceProxies = 1;
			preferredProjectObjectVersion = 77;
			productRefGroup = 10B8CD5C2D53A616006D3B68 /* Products */;
			projectDirPath = "";
			projectRoot = "";
			targets = (
				10B8CD5A2D53A616006D3B68 /* GoociApp */,
				10B8CD732D53A61B006D3B68 /* GoociAppTests */,
				10B8CD7D2D53A61B006D3B68 /* GoociAppUITests */,
			);
		};
/* End PBXProject section */

/* Begin PBXResourcesBuildPhase section */
		10B8CD592D53A616006D3B68 /* Resources */ = {
			isa = PBXResourcesBuildPhase;
			buildActionMask = 2147483647;
			files = (
			);
			runOnlyForDeploymentPostprocessing = 0;
		};
		10B8CD722D53A61B006D3B68 /* Resources */ = {
			isa = PBXResourcesBuildPhase;
			buildActionMask = 2147483647;
			files = (
			);
			runOnlyForDeploymentPostprocessing = 0;
		};
		10B8CD7C2D53A61B006D3B68 /* Resources */ = {
			isa = PBXResourcesBuildPhase;
			buildActionMask = 2147483647;
			files = (
			);
			runOnlyForDeploymentPostprocessing = 0;
		};
/* End PBXResourcesBuildPhase section */

/* Begin PBXSourcesBuildPhase section */
		10B8CD572D53A616006D3B68 /* Sources */ = {
			isa = PBXSourcesBuildPhase;
			buildActionMask = 2147483647;
			files = (
			);
			runOnlyForDeploymentPostprocessing = 0;
		};
		10B8CD702D53A61B006D3B68 /* Sources */ = {
			isa = PBXSourcesBuildPhase;
			buildActionMask = 2147483647;
			files = (
			);
			runOnlyForDeploymentPostprocessing = 0;
		};
		10B8CD7A2D53A61B006D3B68 /* Sources */ = {
			isa = PBXSourcesBuildPhase;
			buildActionMask = 2147483647;
			files = (
			);
			runOnlyForDeploymentPostprocessing = 0;
		};
/* End PBXSourcesBuildPhase section */

/* Begin PBXTargetDependency section */
		10B8CD762D53A61B006D3B68 /* PBXTargetDependency */ = {
			isa = PBXTargetDependency;
			target = 10B8CD5A2D53A616006D3B68 /* GoociApp */;
			targetProxy = 10B8CD752D53A61B006D3B68 /* PBXContainerItemProxy */;
		};
		10B8CD802D53A61B006D3B68 /* PBXTargetDependency */ = {
			isa = PBXTargetDependency;
			target = 10B8CD5A2D53A616006D3B68 /* GoociApp */;
			targetProxy = 10B8CD7F2D53A61B006D3B68 /* PBXContainerItemProxy */;
		};
/* End PBXTargetDependency section */

/* Begin XCBuildConfiguration section */
		10B8CD882D53A61B006D3B68 /* Debug */ = {
			isa = XCBuildConfiguration;
			buildSettings = {
				ASSETCATALOG_COMPILER_APPICON_NAME = AppIcon;
				ASSETCATALOG_COMPILER_GLOBAL_ACCENT_COLOR_NAME = AccentColor;
				CODE_SIGN_STYLE = Automatic;
				CURRENT_PROJECT_VERSION = 1;
				GENERATE_INFOPLIST_FILE = YES;
				INFOPLIST_FILE = GoociApp/Info.plist;
				INFOPLIST_KEY_UIApplicationSupportsIndirectInputEvents = YES;
				INFOPLIST_KEY_UILaunchStoryboardName = LaunchScreen;
				INFOPLIST_KEY_UIMainStoryboardFile = Main;
				INFOPLIST_KEY_UISupportedInterfaceOrientations_iPad = "UIInterfaceOrientationPortrait UIInterfaceOrientationPortraitUpsideDown UIInterfaceOrientationLandscapeLeft UIInterfaceOrientationLandscapeRight";
				INFOPLIST_KEY_UISupportedInterfaceOrientations_iPhone = "UIInterfaceOrientationPortrait UIInterfaceOrientationLandscapeLeft UIInterfaceOrientationLandscapeRight";
				LD_RUNPATH_SEARCH_PATHS = (
					"$(inherited)",
					"@executable_path/Frameworks",
				);
				MARKETING_VERSION = 1.0;
				PRODUCT_BUNDLE_IDENTIFIER = com.demo.GoociApp;
				PRODUCT_NAME = "$(TARGET_NAME)";
				SWIFT_EMIT_LOC_STRINGS = YES;
				SWIFT_VERSION = 5.0;
				TARGETED_DEVICE_FAMILY = "1,2";
			};
			name = Debug;
		};
		10B8CD892D53A61B006D3B68 /* Release */ = {
			isa = XCBuildConfiguration;
			buildSettings = {
				ASSETCATALOG_COMPILER_APPICON_NAME = AppIcon;
				ASSETCATALOG_COMPILER_GLOBAL_ACCENT_COLOR_NAME = AccentColor;
				CODE_SIGN_STYLE = Automatic;
				CURRENT_PROJECT_VERSION = 1;
				GENERATE_INFOPLIST_FILE = YES;
				INFOPLIST_FILE = GoociApp/Info.plist;
				INFOPLIST_KEY_UIApplicationSupportsIndirectInputEvents = YES;
				INFOPLIST_KEY_UILaunchStoryboardName = LaunchScreen;
				INFOPLIST_KEY_UIMainStoryboardFile = Main;
				INFOPLIST_KEY_UISupportedInterfaceOrientations_iPad = "UIInterfaceOrientationPortrait UIInterfaceOrientationPortraitUpsideDown UIInterfaceOrientationLandscapeLeft UIInterfaceOrientationLandscapeRight";
				INFOPLIST_KEY_UISupportedInterfaceOrientations_iPhone = "UIInterfaceOrientationPortrait UIInterfaceOrientationLandscapeLeft UIInterfaceOrientationLandscapeRight";
				LD_RUNPATH_SEARCH_PATHS = (
					"$(inherited)",
					"@executable_path/Frameworks",
				);
				MARKETING_VERSION = 1.0;
				PRODUCT_BUNDLE_IDENTIFIER = com.demo.GoociApp;
				PRODUCT_NAME = "$(TARGET_NAME)";
				SWIFT_EMIT_LOC_STRINGS = YES;
				SWIFT_VERSION = 5.0;
				TARGETED_DEVICE_FAMILY = "1,2";
			};
			name = Release;
		};
		10B8CD8A2D53A61B006D3B68 /* Debug */ = {
			isa = XCBuildConfiguration;
			buildSettings = {
				ALWAYS_SEARCH_USER_PATHS = NO;
				ASSETCATALOG_COMPILER_GENERATE_SWIFT_ASSET_SYMBOL_EXTENSIONS = YES;
				CLANG_ANALYZER_NONNULL = YES;
				CLANG_ANALYZER_NUMBER_OBJECT_CONVERSION = YES_AGGRESSIVE;
				CLANG_CXX_LANGUAGE_STANDARD = "gnu++20";
				CLANG_ENABLE_MODULES = YES;
				CLANG_ENABLE_OBJC_ARC = YES;
				CLANG_ENABLE_OBJC_WEAK = YES;
				CLANG_WARN_BLOCK_CAPTURE_AUTORELEASING = YES;
				CLANG_WARN_BOOL_CONVERSION = YES;
				CLANG_WARN_COMMA = YES;
				CLANG_WARN_CONSTANT_CONVERSION = YES;
				CLANG_WARN_DEPRECATED_OBJC_IMPLEMENTATIONS = YES;
				CLANG_WARN_DIRECT_OBJC_ISA_USAGE = YES_ERROR;
				CLANG_WARN_DOCUMENTATION_COMMENTS = YES;
				CLANG_WARN_EMPTY_BODY = YES;
				CLANG_WARN_ENUM_CONVERSION = YES;
				CLANG_WARN_INFINITE_RECURSION = YES;
				CLANG_WARN_INT_CONVERSION = YES;
				CLANG_WARN_NON_LITERAL_NULL_CONVERSION = YES;
				CLANG_WARN_OBJC_IMPLICIT_RETAIN_SELF = YES;
				CLANG_WARN_OBJC_LITERAL_CONVERSION = YES;
				CLANG_WARN_OBJC_ROOT_CLASS = YES_ERROR;
				CLANG_WARN_QUOTED_INCLUDE_IN_FRAMEWORK_HEADER = YES;
				CLANG_WARN_RANGE_LOOP_ANALYSIS = YES;
				CLANG_WARN_STRICT_PROTOTYPES = YES;
				CLANG_WARN_SUSPICIOUS_MOVE = YES;
				CLANG_WARN_UNGUARDED_AVAILABILITY = YES_AGGRESSIVE;
				CLANG_WARN_UNREACHABLE_CODE = YES;
				CLANG_WARN__DUPLICATE_METHOD_MATCH = YES;
				COPY_PHASE_STRIP = NO;
				DEBUG_INFORMATION_FORMAT = dwarf;
				ENABLE_STRICT_OBJC_MSGSEND = YES;
				ENABLE_TESTABILITY = YES;
				ENABLE_USER_SCRIPT_SANDBOXING = YES;
				GCC_C_LANGUAGE_STANDARD = gnu17;
				GCC_DYNAMIC_NO_PIC = NO;
				GCC_NO_COMMON_BLOCKS = YES;
				GCC_OPTIMIZATION_LEVEL = 0;
				GCC_PREPROCESSOR_DEFINITIONS = (
					"DEBUG=1",
					"$(inherited)",
				);
				GCC_WARN_64_TO_32_BIT_CONVERSION = YES;
				GCC_WARN_ABOUT_RETURN_TYPE = YES_ERROR;
				GCC_WARN_UNDECLARED_SELECTOR = YES;
				GCC_WARN_UNINITIALIZED_AUTOS = YES_AGGRESSIVE;
				GCC_WARN_UNUSED_FUNCTION = YES;
				GCC_WARN_UNUSED_VARIABLE = YES;
				IPHONEOS_DEPLOYMENT_TARGET = 18.2;
				LOCALIZATION_PREFERS_STRING_CATALOGS = YES;
				MTL_ENABLE_DEBUG_INFO = INCLUDE_SOURCE;
				MTL_FAST_MATH = YES;
				ONLY_ACTIVE_ARCH = YES;
				SDKROOT = iphoneos;
				SWIFT_ACTIVE_COMPILATION_CONDITIONS = "DEBUG $(inherited)";
				SWIFT_OPTIMIZATION_LEVEL = "-Onone";
			};
			name = Debug;
		};
		10B8CD8B2D53A61B006D3B68 /* Release */ = {
			isa = XCBuildConfiguration;
			buildSettings = {
				ALWAYS_SEARCH_USER_PATHS = NO;
				ASSETCATALOG_COMPILER_GENERATE_SWIFT_ASSET_SYMBOL_EXTENSIONS = YES;
				CLANG_ANALYZER_NONNULL = YES;
				CLANG_ANALYZER_NUMBER_OBJECT_CONVERSION = YES_AGGRESSIVE;
				CLANG_CXX_LANGUAGE_STANDARD = "gnu++20";
				CLANG_ENABLE_MODULES = YES;
				CLANG_ENABLE_OBJC_ARC = YES;
				CLANG_ENABLE_OBJC_WEAK = YES;
				CLANG_WARN_BLOCK_CAPTURE_AUTORELEASING = YES;
				CLANG_WARN_BOOL_CONVERSION = YES;
				CLANG_WARN_COMMA = YES;
				CLANG_WARN_CONSTANT_CONVERSION = YES;
				CLANG_WARN_DEPRECATED_OBJC_IMPLEMENTATIONS = YES;
				CLANG_WARN_DIRECT_OBJC_ISA_USAGE = YES_ERROR;
				CLANG_WARN_DOCUMENTATION_COMMENTS = YES;
				CLANG_WARN_EMPTY_BODY = YES;
				CLANG_WARN_ENUM_CONVERSION = YES;
				CLANG_WARN_INFINITE_RECURSION = YES;
				CLANG_WARN_INT_CONVERSION = YES;
				CLANG_WARN_NON_LITERAL_NULL_CONVERSION = YES;
				CLANG_WARN_OBJC_IMPLICIT_RETAIN_SELF = YES;
				CLANG_WARN_OBJC_LITERAL_CONVERSION = YES;
				CLANG_WARN_OBJC_ROOT_CLASS = YES_ERROR;
				CLANG_WARN_QUOTED_INCLUDE_IN_FRAMEWORK_HEADER = YES;
				CLANG_WARN_RANGE_LOOP_ANALYSIS = YES;
				CLANG_WARN_STRICT_PROTOTYPES = YES;
				CLANG_WARN_SUSPICIOUS_MOVE = YES;
				CLANG_WARN_UNGUARDED_AVAILABILITY = YES_AGGRESSIVE;
				CLANG_WARN_UNREACHABLE_CODE = YES;
				CLANG_WARN__DUPLICATE_METHOD_MATCH = YES;
				COPY_PHASE_STRIP = NO;
				DEBUG_INFORMATION_FORMAT = "dwarf-with-dsym";
				ENABLE_NS_ASSERTIONS = NO;
				ENABLE_STRICT_OBJC_MSGSEND = YES;
				ENABLE_USER_SCRIPT_SANDBOXING = YES;
				GCC_C_LANGUAGE_STANDARD = gnu17;
				GCC_NO_COMMON_BLOCKS = YES;
				GCC_WARN_64_TO_32_BIT_CONVERSION = YES;
				GCC_WARN_ABOUT_RETURN_TYPE = YES_ERROR;
				GCC_WARN_UNDECLARED_SELECTOR = YES;
				GCC_WARN_UNINITIALIZED_AUTOS = YES_AGGRESSIVE;
				GCC_WARN_UNUSED_FUNCTION = YES;
				GCC_WARN_UNUSED_VARIABLE = YES;
				IPHONEOS_DEPLOYMENT_TARGET = 18.2;
				LOCALIZATION_PREFERS_STRING_CATALOGS = YES;
				MTL_ENABLE_DEBUG_INFO = NO;
				MTL_FAST_MATH = YES;
				SDKROOT = iphoneos;
				SWIFT_COMPILATION_MODE = wholemodule;
				VALIDATE_PRODUCT = YES;
			};
			name = Release;
		};
		10B8CD8D2D53A61B006D3B68 /* Debug */ = {
			isa = XCBuildConfiguration;
			buildSettings = {
				BUNDLE_LOADER = "$(TEST_HOST)";
				CODE_SIGN_STYLE = Automatic;
				CURRENT_PROJECT_VERSION = 1;
				GENERATE_INFOPLIST_FILE = YES;
				IPHONEOS_DEPLOYMENT_TARGET = 18.2;
				MARKETING_VERSION = 1.0;
				PRODUCT_BUNDLE_IDENTIFIER = com.demo.GoociAppTests;
				PRODUCT_NAME = "$(TARGET_NAME)";
				SWIFT_EMIT_LOC_STRINGS = NO;
				SWIFT_VERSION = 5.0;
				TARGETED_DEVICE_FAMILY = "1,2";
				TEST_HOST = "$(BUILT_PRODUCTS_DIR)/GoociApp.app/$(BUNDLE_EXECUTABLE_FOLDER_PATH)/GoociApp";
			};
			name = Debug;
		};
		10B8CD8E2D53A61B006D3B68 /* Release */ = {
			isa = XCBuildConfiguration;
			buildSettings = {
				BUNDLE_LOADER = "$(TEST_HOST)";
				CODE_SIGN_STYLE = Automatic;
				CURRENT_PROJECT_VERSION = 1;
				GENERATE_INFOPLIST_FILE = YES;
				IPHONEOS_DEPLOYMENT_TARGET = 18.2;
				MARKETING_VERSION = 1.0;
				PRODUCT_BUNDLE_IDENTIFIER = com.demo.GoociAppTests;
				PRODUCT_NAME = "$(TARGET_NAME)";
				SWIFT_EMIT_LOC_STRINGS = NO;
				SWIFT_VERSION = 5.0;
				TARGETED_DEVICE_FAMILY = "1,2";
				TEST_HOST = "$(BUILT_PRODUCTS_DIR)/GoociApp.app/$(BUNDLE_EXECUTABLE_FOLDER_PATH)/GoociApp";
			};
			name = Release;
		};
		10B8CD902D53A61B006D3B68 /* Debug */ = {
			isa = XCBuildConfiguration;
			buildSettings = {
				CODE_SIGN_STYLE = Automatic;
				CURRENT_PROJECT_VERSION = 1;
				GENERATE_INFOPLIST_FILE = YES;
				MARKETING_VERSION = 1.0;
				PRODUCT_BUNDLE_IDENTIFIER = com.demo.GoociAppUITests;
				PRODUCT_NAME = "$(TARGET_NAME)";
				SWIFT_EMIT_LOC_STRINGS = NO;
				SWIFT_VERSION = 5.0;
				TARGETED_DEVICE_FAMILY = "1,2";
				TEST_TARGET_NAME = GoociApp;
			};
			name = Debug;
		};
		10B8CD912D53A61B006D3B68 /* Release */ = {
			isa = XCBuildConfiguration;
			buildSettings = {
				CODE_SIGN_STYLE = Automatic;
				CURRENT_PROJECT_VERSION = 1;
				GENERATE_INFOPLIST_FILE = YES;
				MARKETING_VERSION = 1.0;
				PRODUCT_BUNDLE_IDENTIFIER = com.demo.GoociAppUITests;
				PRODUCT_NAME = "$(TARGET_NAME)";
				SWIFT_EMIT_LOC_STRINGS = NO;
				SWIFT_VERSION = 5.0;
				TARGETED_DEVICE_FAMILY = "1,2";
				TEST_TARGET_NAME = GoociApp;
			};
			name = Release;
		};
/* End XCBuildConfiguration section */

/* Begin XCConfigurationList section */
		10B8CD562D53A616006D3B68 /* Build configuration list for PBXProject "GoociApp" */ = {
			isa = XCConfigurationList;
			buildConfigurations = (
				10B8CD8A2D53A61B006D3B68 /* Debug */,
				10B8CD8B2D53A61B006D3B68 /* Release */,
			);
			defaultConfigurationIsVisible = 0;
			defaultConfigurationName = Release;
		};
		10B8CD872D53A61B006D3B68 /* Build configuration list for PBXNativeTarget "GoociApp" */ = {
			isa = XCConfigurationList;
			buildConfigurations = (
				10B8CD882D53A61B006D3B68 /* Debug */,
				10B8CD892D53A61B006D3B68 /* Release */,
			);
			defaultConfigurationIsVisible = 0;
			defaultConfigurationName = Release;
		};
		10B8CD8C2D53A61B006D3B68 /* Build configuration list for PBXNativeTarget "GoociAppTests" */ = {
			isa = XCConfigurationList;
			buildConfigurations = (
				10B8CD8D2D53A61B006D3B68 /* Debug */,
				10B8CD8E2D53A61B006D3B68 /* Release */,
			);
			defaultConfigurationIsVisible = 0;
			defaultConfigurationName = Release;
		};
		10B8CD8F2D53A61B006D3B68 /* Build configuration list for PBXNativeTarget "GoociAppUITests" */ = {
			isa = XCConfigurationList;
			buildConfigurations = (
				10B8CD902D53A61B006D3B68 /* Debug */,
				10B8CD912D53A61B006D3B68 /* Release */,
			);
			defaultConfigurationIsVisible = 0;
			defaultConfigurationName = Release;
		};
/* End XCConfigurationList section */
	};
	rootObject = 10B8CD532D53A616006D3B68 /* Project object */;
}
